
Microsoft Visual Studio Solution File, Format Version 12.00
# Visual Studio Version 16
VisualStudioVersion = 16.0.29709.97
MinimumVisualStudioVersion = 10.0.40219.1
Project("{FAE04EC0-301F-11D3-BF4B-00C04F79EFBC}") = "doctorappointment", "doctorappointment\doctorappointment.csproj", "{49ACC652-6350-4913-8570-01E7130BEE40}"
EndProject
Global
	GlobalSection(SolutionConfigurationPlatforms) = preSolution
		Debug|Any CPU = Debug|Any CPU
		Release|Any CPU = Release|Any CPU
	EndGlobalSection
	GlobalSection(ProjectConfigurationPlatforms) = postSolution
		{49ACC652-6350-4913-8570-01E7130BEE40}.Debug|Any CPU.ActiveCfg = Debug|Any CPU
		{49ACC652-6350-4913-8570-01E7130BEE40}.Debug|Any CPU.Build.0 = Debug|Any CPU
		{49ACC652-6350-4913-8570-01E7130BEE40}.Release|Any CPU.ActiveCfg = Release|Any CPU
		{49ACC652-6350-4913-8570-01E7130BEE40}.Release|Any CPU.Build.0 = Release|Any CPU
	EndGlobalSection
	GlobalSection(SolutionProperties) = preSolution
		HideSolutionNode = FALSE
	EndGlobalSection
	GlobalSection(ExtensibilityGlobals) = postSolution
		SolutionGuid = {C3108F32-68BC-4B3D-8990-D4FA01157E18}
	EndGlobalSection
EndGlobal
